
Microsoft Visual Studio Solution File, Format Version 12.00
# Visual Studio 15
VisualStudioVersion = 15.0.26124.0
MinimumVisualStudioVersion = 15.0.26124.0
Project("{2150E333-8FDC-42A3-9474-1A3956D46DE8}") = "Source", "Source", "{536F826B-1646-4A0D-A35C-F6362CF3FCAD}"
EndProject
Project("{FAE04EC0-301F-11D3-BF4B-00C04F79EFBC}") = "Proximity.HashID", "Source\Proximity.HashID\Proximity.HashID.csproj", "{244F32BF-AD09-482C-90C9-D0C128755555}"
EndProject
Project("{FAE04EC0-301F-11D3-BF4B-00C04F79EFBC}") = "Proximity.HashID.Tests", "Source\Proximity.HashID.Tests\Proximity.HashID.Tests.csproj", "{E855DCC7-E51A-4D52-8A69-D4E58834A9B7}"
EndProject
Global
	GlobalSection(SolutionConfigurationPlatforms) = preSolution
		Debug|Any CPU = Debug|Any CPU
		Debug|x64 = Debug|x64
		Debug|x86 = Debug|x86
		Release|Any CPU = Release|Any CPU
		Release|x64 = Release|x64
		Release|x86 = Release|x86
	EndGlobalSection
	GlobalSection(SolutionProperties) = preSolution
		HideSolutionNode = FALSE
	EndGlobalSection
	GlobalSection(ProjectConfigurationPlatforms) = postSolution
		{244F32BF-AD09-482C-90C9-D0C128755555}.Debug|Any CPU.ActiveCfg = Debug|Any CPU
		{244F32BF-AD09-482C-90C9-D0C128755555}.Debug|Any CPU.Build.0 = Debug|Any CPU
		{244F32BF-AD09-482C-90C9-D0C128755555}.Debug|x64.ActiveCfg = Debug|Any CPU
		{244F32BF-AD09-482C-90C9-D0C128755555}.Debug|x64.Build.0 = Debug|Any CPU
		{244F32BF-AD09-482C-90C9-D0C128755555}.Debug|x86.ActiveCfg = Debug|Any CPU
		{244F32BF-AD09-482C-90C9-D0C128755555}.Debug|x86.Build.0 = Debug|Any CPU
		{244F32BF-AD09-482C-90C9-D0C128755555}.Release|Any CPU.ActiveCfg = Release|Any CPU
		{244F32BF-AD09-482C-90C9-D0C128755555}.Release|Any CPU.Build.0 = Release|Any CPU
		{244F32BF-AD09-482C-90C9-D0C128755555}.Release|x64.ActiveCfg = Release|Any CPU
		{244F32BF-AD09-482C-90C9-D0C128755555}.Release|x64.Build.0 = Release|Any CPU
		{244F32BF-AD09-482C-90C9-D0C128755555}.Release|x86.ActiveCfg = Release|Any CPU
		{244F32BF-AD09-482C-90C9-D0C128755555}.Release|x86.Build.0 = Release|Any CPU
		{E855DCC7-E51A-4D52-8A69-D4E58834A9B7}.Debug|Any CPU.ActiveCfg = Debug|Any CPU
		{E855DCC7-E51A-4D52-8A69-D4E58834A9B7}.Debug|Any CPU.Build.0 = Debug|Any CPU
		{E855DCC7-E51A-4D52-8A69-D4E58834A9B7}.Debug|x64.ActiveCfg = Debug|Any CPU
		{E855DCC7-E51A-4D52-8A69-D4E58834A9B7}.Debug|x64.Build.0 = Debug|Any CPU
		{E855DCC7-E51A-4D52-8A69-D4E58834A9B7}.Debug|x86.ActiveCfg = Debug|Any CPU
		{E855DCC7-E51A-4D52-8A69-D4E58834A9B7}.Debug|x86.Build.0 = Debug|Any CPU
		{E855DCC7-E51A-4D52-8A69-D4E58834A9B7}.Release|Any CPU.ActiveCfg = Release|Any CPU
		{E855DCC7-E51A-4D52-8A69-D4E58834A9B7}.Release|Any CPU.Build.0 = Release|Any CPU
		{E855DCC7-E51A-4D52-8A69-D4E58834A9B7}.Release|x64.ActiveCfg = Release|Any CPU
		{E855DCC7-E51A-4D52-8A69-D4E58834A9B7}.Release|x64.Build.0 = Release|Any CPU
		{E855DCC7-E51A-4D52-8A69-D4E58834A9B7}.Release|x86.ActiveCfg = Release|Any CPU
		{E855DCC7-E51A-4D52-8A69-D4E58834A9B7}.Release|x86.Build.0 = Release|Any CPU
	EndGlobalSection
	GlobalSection(NestedProjects) = preSolution
		{244F32BF-AD09-482C-90C9-D0C128755555} = {536F826B-1646-4A0D-A35C-F6362CF3FCAD}
		{E855DCC7-E51A-4D52-8A69-D4E58834A9B7} = {536F826B-1646-4A0D-A35C-F6362CF3FCAD}
	EndGlobalSection
EndGlobal
